
Microsoft Visual Studio Solution File, Format Version 12.00
# Visual Studio Version 16
VisualStudioVersion = 16.0.29503.13
MinimumVisualStudioVersion = 10.0.40219.1
Project("{FAE04EC0-301F-11D3-BF4B-00C04F79EFBC}") = "Core-Sample", "Core-Sample\Core-Sample.csproj", "{5584D529-8934-4437-8448-7AEB92863BF3}"
EndProject
Global
	GlobalSection(SolutionConfigurationPlatforms) = preSolution
		Debug|Any CPU = Debug|Any CPU
		Release|Any CPU = Release|Any CPU
	EndGlobalSection
	GlobalSection(ProjectConfigurationPlatforms) = postSolution
		{5584D529-8934-4437-8448-7AEB92863BF3}.Debug|Any CPU.ActiveCfg = Debug|Any CPU
		{5584D529-8934-4437-8448-7AEB92863BF3}.Debug|Any CPU.Build.0 = Debug|Any CPU
		{5584D529-8934-4437-8448-7AEB92863BF3}.Release|Any CPU.ActiveCfg = Release|Any CPU
		{5584D529-8934-4437-8448-7AEB92863BF3}.Release|Any CPU.Build.0 = Release|Any CPU
	EndGlobalSection
	GlobalSection(SolutionProperties) = preSolution
		HideSolutionNode = FALSE
	EndGlobalSection
	GlobalSection(ExtensibilityGlobals) = postSolution
		SolutionGuid = {034E3823-ACE3-4BDB-B076-943F12AC3869}
	EndGlobalSection
EndGlobal
